{
  "name": "nodeapptest",
  "version": "1.0.0",
  "lockfileVersion": 1,
  "requires": true,
  "dependencies": {
    "@sap/hana-tooling-feature-toggles": {
      "version": "1.0.1",
      "resolved": "https://registry.npmjs.org/@sap/hana-tooling-feature-toggles/-/hana-tooling-feature-toggles-1.0.1.tgz",
      "integrity": "sha512-/nuvymtuXGk/ppsyhvS/WTUlYRYINTkIva0OB6OHNXxp0DGJ3yaEFRBlLdbr8bEKqQ9RUbm7j1DvjUvbnVl5kQ==",
      "requires": {
        "optional-require": "1.1.8"
      },
      "dependencies": {
        "optional-require": {
          "version": "1.1.8",
          "resolved": false,
          "integrity": "sha512-jq83qaUb0wNg9Krv1c5OQ+58EK+vHde6aBPzLvPPqJm89UQWsvSuFy9X/OSNJnFeSOKo7btE0n8Nl2+nE+z5nA==",
          "requires": {
            "require-at": "^1.0.6"
          }
        },
        "require-at": {
          "version": "1.0.6",
          "resolved": false,
          "integrity": "sha512-7i1auJbMUrXEAZCOQ0VNJgmcT2VOKPRl2YGJwgpHpC9CE91Mv4/4UYIUm4chGJaI381ZDq1JUicFii64Hapd8g=="
        }
      }
    }
  }
}
